{
    "_readme": [
        "This file locks the dependencies of your project to a known state",
        "Read more about it at https://getcomposer.org/doc/01-basic-usage.md#installing-dependencies",
        "This file is @generated automatically"
    ],
    "content-hash": "655d5aaeace08bba28972c09efa35afa",
    "packages": [
        {
            "name": "oscarotero/env",
            "version": "v2.1.0",
            "source": {
                "type": "git",
                "url": "https://github.com/oscarotero/env.git",
                "reference": "0da22cadc6924155fa9bbea2cdda2e84ab7cbdd3"
            },
            "dist": {
                "type": "zip",
                "url": "https://api.github.com/repos/oscarotero/env/zipball/0da22cadc6924155fa9bbea2cdda2e84ab7cbdd3",
                "reference": "0da22cadc6924155fa9bbea2cdda2e84ab7cbdd3",
                "shasum": ""
            },
            "require": {
                "ext-ctype": "*",
                "php": ">=7.1"
            },
            "require-dev": {
                "friendsofphp/php-cs-fixer": "^2.16",
                "phpunit/phpunit": "^7.0"
            },
            "type": "library",
            "autoload": {
                "files": [
                    "src/env_function.php"
                ],
                "psr-4": {
                    "Env\\": "src/"
                }
            },
            "notification-url": "https://packagist.org/downloads/",
            "license": [
                "MIT"
            ],
            "authors": [
                {
                    "name": "Oscar Otero",
                    "email": "oom@oscarotero.com",
                    "homepage": "http://oscarotero.com",
                    "role": "Developer"
                }
            ],
            "description": "Simple library to consume environment variables",
            "homepage": "https://github.com/oscarotero/env",
            "keywords": [
                "env"
            ],
            "support": {
                "email": "oom@oscarotero.com",
                "issues": "https://github.com/oscarotero/env/issues",
                "source": "https://github.com/oscarotero/env/tree/v2.1.0"
            },
            "time": "2020-06-11T10:59:27+00:00"
        },
        {
            "name": "phpmailer/phpmailer",
            "version": "v6.8.0",
            "source": {
                "type": "git",
                "url": "https://github.com/PHPMailer/PHPMailer.git",
                "reference": "df16b615e371d81fb79e506277faea67a1be18f1"
            },
            "dist": {
                "type": "zip",
                "url": "https://api.github.com/repos/PHPMailer/PHPMailer/zipball/df16b615e371d81fb79e506277faea67a1be18f1",
                "reference": "df16b615e371d81fb79e506277faea67a1be18f1",
                "shasum": ""
            },
            "require": {
                "ext-ctype": "*",
                "ext-filter": "*",
                "ext-hash": "*",
                "php": ">=5.5.0"
            },
            "require-dev": {
                "dealerdirect/phpcodesniffer-composer-installer": "^0.7.2",
                "doctrine/annotations": "^1.2.6 || ^1.13.3",
                "php-parallel-lint/php-console-highlighter": "^1.0.0",
                "php-parallel-lint/php-parallel-lint": "^1.3.2",
                "phpcompatibility/php-compatibility": "^9.3.5",
                "roave/security-advisories": "dev-latest",
                "squizlabs/php_codesniffer": "^3.7.1",
                "yoast/phpunit-polyfills": "^1.0.4"
            },
            "suggest": {
                "ext-mbstring": "Needed to send email in multibyte encoding charset or decode encoded addresses",
                "ext-openssl": "Needed for secure SMTP sending and DKIM signing",
                "greew/oauth2-azure-provider": "Needed for Microsoft Azure XOAUTH2 authentication",
                "hayageek/oauth2-yahoo": "Needed for Yahoo XOAUTH2 authentication",
                "league/oauth2-google": "Needed for Google XOAUTH2 authentication",
                "psr/log": "For optional PSR-3 debug logging",
                "symfony/polyfill-mbstring": "To support UTF-8 if the Mbstring PHP extension is not enabled (^1.2)",
                "thenetworg/oauth2-azure": "Needed for Microsoft XOAUTH2 authentication"
            },
            "type": "library",
            "autoload": {
                "psr-4": {
                    "PHPMailer\\PHPMailer\\": "src/"
                }
            },
            "notification-url": "https://packagist.org/downloads/",
            "license": [
                "LGPL-2.1-only"
            ],
            "authors": [
                {
                    "name": "Marcus Bointon",
                    "email": "phpmailer@synchromedia.co.uk"
                },
                {
                    "name": "Jim Jagielski",
                    "email": "jimjag@gmail.com"
                },
                {
                    "name": "Andy Prevost",
                    "email": "codeworxtech@users.sourceforge.net"
                },
                {
                    "name": "Brent R. Matzelle"
                }
            ],
            "description": "PHPMailer is a full-featured email creation and transfer class for PHP",
            "support": {
                "issues": "https://github.com/PHPMailer/PHPMailer/issues",
                "source": "https://github.com/PHPMailer/PHPMailer/tree/v6.8.0"
            },
            "funding": [
                {
                    "url": "https://github.com/Synchro",
                    "type": "github"
                }
            ],
            "time": "2023-03-06T14:43:22+00:00"
        },
        {
            "name": "squizlabs/php_codesniffer",
            "version": "3.7.2",
            "source": {
                "type": "git",
                "url": "https://github.com/squizlabs/PHP_CodeSniffer.git",
                "reference": "ed8e00df0a83aa96acf703f8c2979ff33341f879"
            },
            "dist": {
                "type": "zip",
                "url": "https://api.github.com/repos/squizlabs/PHP_CodeSniffer/zipball/ed8e00df0a83aa96acf703f8c2979ff33341f879",
                "reference": "ed8e00df0a83aa96acf703f8c2979ff33341f879",
                "shasum": ""
            },
            "require": {
                "ext-simplexml": "*",
                "ext-tokenizer": "*",
                "ext-xmlwriter": "*",
                "php": ">=5.4.0"
            },
            "require-dev": {
                "phpunit/phpunit": "^4.0 || ^5.0 || ^6.0 || ^7.0"
            },
            "bin": [
                "bin/phpcs",
                "bin/phpcbf"
            ],
            "type": "library",
            "extra": {
                "branch-alias": {
                    "dev-master": "3.x-dev"
                }
            },
            "notification-url": "https://packagist.org/downloads/",
            "license": [
                "BSD-3-Clause"
            ],
            "authors": [
                {
                    "name": "Greg Sherwood",
                    "role": "lead"
                }
            ],
            "description": "PHP_CodeSniffer tokenizes PHP, JavaScript and CSS files and detects violations of a defined set of coding standards.",
            "homepage": "https://github.com/squizlabs/PHP_CodeSniffer",
            "keywords": [
                "phpcs",
                "standards",
                "static analysis"
            ],
            "support": {
                "issues": "https://github.com/squizlabs/PHP_CodeSniffer/issues",
                "source": "https://github.com/squizlabs/PHP_CodeSniffer",
                "wiki": "https://github.com/squizlabs/PHP_CodeSniffer/wiki"
            },
            "time": "2023-02-22T23:07:41+00:00"
        }
    ],
    "packages-dev": [
        {
            "name": "wp-coding-standards/wpcs",
            "version": "2.1.1",
            "source": {
                "type": "git",
                "url": "https://github.com/WordPress/WordPress-Coding-Standards.git",
                "reference": "bd9c33152115e6741e3510ff7189605b35167908"
            },
            "dist": {
                "type": "zip",
                "url": "https://api.github.com/repos/WordPress/WordPress-Coding-Standards/zipball/bd9c33152115e6741e3510ff7189605b35167908",
                "reference": "bd9c33152115e6741e3510ff7189605b35167908",
                "shasum": ""
            },
            "require": {
                "php": ">=5.4",
                "squizlabs/php_codesniffer": "^3.3.1"
            },
            "require-dev": {
                "dealerdirect/phpcodesniffer-composer-installer": "^0.5.0",
                "phpcompatibility/php-compatibility": "^9.0",
                "phpunit/phpunit": "^4.0 || ^5.0 || ^6.0 || ^7.0"
            },
            "suggest": {
                "dealerdirect/phpcodesniffer-composer-installer": "^0.5.0 || This Composer plugin will sort out the PHPCS 'installed_paths' automatically."
            },
            "type": "phpcodesniffer-standard",
            "notification-url": "https://packagist.org/downloads/",
            "license": [
                "MIT"
            ],
            "authors": [
                {
                    "name": "Contributors",
                    "homepage": "https://github.com/WordPress-Coding-Standards/WordPress-Coding-Standards/graphs/contributors"
                }
            ],
            "description": "PHP_CodeSniffer rules (sniffs) to enforce WordPress coding conventions",
            "keywords": [
                "phpcs",
                "standards",
                "wordpress"
            ],
            "support": {
                "issues": "https://github.com/WordPress-Coding-Standards/WordPress-Coding-Standards/issues",
                "source": "https://github.com/WordPress-Coding-Standards/WordPress-Coding-Standards",
                "wiki": "https://github.com/WordPress-Coding-Standards/WordPress-Coding-Standards/wiki"
            },
            "time": "2019-05-21T02:50:00+00:00"
        }
    ],
    "aliases": [],
    "minimum-stability": "stable",
    "stability-flags": [],
    "prefer-stable": false,
    "prefer-lowest": false,
    "platform": {
        "php": ">=7.4"
    },
    "platform-dev": [],
    "plugin-api-version": "2.3.0"
}
